
Microsoft Visual Studio Solution File, Format Version 12.00
# Visual Studio 15
VisualStudioVersion = 15.0.34031.82
MinimumVisualStudioVersion = 10.0.40219.1
Project("{8BC9CEB8-8B4A-11D0-8D11-00A0C91BC942}") = "P14", "P14\P14.vcxproj", "{986A93D1-8F3C-432A-A2E9-35CA26E5F0D9}"
EndProject
Global
	GlobalSection(SolutionConfigurationPlatforms) = preSolution
		Debug|x64 = Debug|x64
		Debug|x86 = Debug|x86
		Release|x64 = Release|x64
		Release|x86 = Release|x86
	EndGlobalSection
	GlobalSection(ProjectConfigurationPlatforms) = postSolution
		{986A93D1-8F3C-432A-A2E9-35CA26E5F0D9}.Debug|x64.ActiveCfg = Debug|x64
		{986A93D1-8F3C-432A-A2E9-35CA26E5F0D9}.Debug|x64.Build.0 = Debug|x64
		{986A93D1-8F3C-432A-A2E9-35CA26E5F0D9}.Debug|x86.ActiveCfg = Debug|Win32
		{986A93D1-8F3C-432A-A2E9-35CA26E5F0D9}.Debug|x86.Build.0 = Debug|Win32
		{986A93D1-8F3C-432A-A2E9-35CA26E5F0D9}.Release|x64.ActiveCfg = Release|x64
		{986A93D1-8F3C-432A-A2E9-35CA26E5F0D9}.Release|x64.Build.0 = Release|x64
		{986A93D1-8F3C-432A-A2E9-35CA26E5F0D9}.Release|x86.ActiveCfg = Release|Win32
		{986A93D1-8F3C-432A-A2E9-35CA26E5F0D9}.Release|x86.Build.0 = Release|Win32
	EndGlobalSection
	GlobalSection(SolutionProperties) = preSolution
		HideSolutionNode = FALSE
	EndGlobalSection
	GlobalSection(ExtensibilityGlobals) = postSolution
		SolutionGuid = {8D1AC91D-4EEB-44E5-BCA8-AC1DFBFDE87C}
	EndGlobalSection
EndGlobal
