
Microsoft Visual Studio Solution File, Format Version 12.00
# Visual Studio 15
VisualStudioVersion = 15.0.34031.82
MinimumVisualStudioVersion = 10.0.40219.1
Project("{8BC9CEB8-8B4A-11D0-8D11-00A0C91BC942}") = "P28", "P28\P28.vcxproj", "{EECE564B-D27B-483D-9C04-4375E3FD786C}"
EndProject
Global
	GlobalSection(SolutionConfigurationPlatforms) = preSolution
		Debug|x64 = Debug|x64
		Debug|x86 = Debug|x86
		Release|x64 = Release|x64
		Release|x86 = Release|x86
	EndGlobalSection
	GlobalSection(ProjectConfigurationPlatforms) = postSolution
		{EECE564B-D27B-483D-9C04-4375E3FD786C}.Debug|x64.ActiveCfg = Debug|x64
		{EECE564B-D27B-483D-9C04-4375E3FD786C}.Debug|x64.Build.0 = Debug|x64
		{EECE564B-D27B-483D-9C04-4375E3FD786C}.Debug|x86.ActiveCfg = Debug|Win32
		{EECE564B-D27B-483D-9C04-4375E3FD786C}.Debug|x86.Build.0 = Debug|Win32
		{EECE564B-D27B-483D-9C04-4375E3FD786C}.Release|x64.ActiveCfg = Release|x64
		{EECE564B-D27B-483D-9C04-4375E3FD786C}.Release|x64.Build.0 = Release|x64
		{EECE564B-D27B-483D-9C04-4375E3FD786C}.Release|x86.ActiveCfg = Release|Win32
		{EECE564B-D27B-483D-9C04-4375E3FD786C}.Release|x86.Build.0 = Release|Win32
	EndGlobalSection
	GlobalSection(SolutionProperties) = preSolution
		HideSolutionNode = FALSE
	EndGlobalSection
	GlobalSection(ExtensibilityGlobals) = postSolution
		SolutionGuid = {AE02A9C6-0F89-4C45-AA6B-4A5DF0256232}
	EndGlobalSection
EndGlobal
